
Microsoft Visual Studio Solution File, Format Version 12.00
# Visual Studio 2013
VisualStudioVersion = 12.0.40629.0
MinimumVisualStudioVersion = 10.0.40219.1
Project("{FAE04EC0-301F-11D3-BF4B-00C04F79EFBC}") = "AppBase_Send", "AppBase_Send\AppBase_Send.csproj", "{AE120AC2-96DF-48EC-BFB3-33162BA9EA20}"
EndProject
Project("{FAE04EC0-301F-11D3-BF4B-00C04F79EFBC}") = "Client01", "Client01\Client01.csproj", "{E6D3D9CA-3FB4-4E49-A7B1-57413D6045F8}"
EndProject
Project("{FAE04EC0-301F-11D3-BF4B-00C04F79EFBC}") = "Client02", "Client02\Client02.csproj", "{F0E65C22-E118-45C4-8452-F4EDBDAB20E4}"
EndProject
Global
	GlobalSection(SolutionConfigurationPlatforms) = preSolution
		Debug|Any CPU = Debug|Any CPU
		Release|Any CPU = Release|Any CPU
	EndGlobalSection
	GlobalSection(ProjectConfigurationPlatforms) = postSolution
		{AE120AC2-96DF-48EC-BFB3-33162BA9EA20}.Debug|Any CPU.ActiveCfg = Debug|Any CPU
		{AE120AC2-96DF-48EC-BFB3-33162BA9EA20}.Debug|Any CPU.Build.0 = Debug|Any CPU
		{AE120AC2-96DF-48EC-BFB3-33162BA9EA20}.Release|Any CPU.ActiveCfg = Release|Any CPU
		{AE120AC2-96DF-48EC-BFB3-33162BA9EA20}.Release|Any CPU.Build.0 = Release|Any CPU
		{E6D3D9CA-3FB4-4E49-A7B1-57413D6045F8}.Debug|Any CPU.ActiveCfg = Debug|Any CPU
		{E6D3D9CA-3FB4-4E49-A7B1-57413D6045F8}.Debug|Any CPU.Build.0 = Debug|Any CPU
		{E6D3D9CA-3FB4-4E49-A7B1-57413D6045F8}.Release|Any CPU.ActiveCfg = Release|Any CPU
		{E6D3D9CA-3FB4-4E49-A7B1-57413D6045F8}.Release|Any CPU.Build.0 = Release|Any CPU
		{F0E65C22-E118-45C4-8452-F4EDBDAB20E4}.Debug|Any CPU.ActiveCfg = Debug|Any CPU
		{F0E65C22-E118-45C4-8452-F4EDBDAB20E4}.Debug|Any CPU.Build.0 = Debug|Any CPU
		{F0E65C22-E118-45C4-8452-F4EDBDAB20E4}.Release|Any CPU.ActiveCfg = Release|Any CPU
		{F0E65C22-E118-45C4-8452-F4EDBDAB20E4}.Release|Any CPU.Build.0 = Release|Any CPU
	EndGlobalSection
	GlobalSection(SolutionProperties) = preSolution
		HideSolutionNode = FALSE
	EndGlobalSection
EndGlobal
